// !$*UTF8*$!
{
	archiveVersion = 1;
	classes = {
	};
	objectVersion = 56;
	objects = {

/* Begin PBXBuildFile section */
		187E09C3293F6686000AFD08 /* AppDelegate.swift in Sources */ = {isa = PBXBuildFile; fileRef = 187E09C2293F6686000AFD08 /* AppDelegate.swift */; };
		187E09C5293F6686000AFD08 /* ViewController.swift in Sources */ = {isa = PBXBuildFile; fileRef = 187E09C4293F6686000AFD08 /* ViewController.swift */; };
		187E09CC293F6688000AFD08 /* Assets.xcassets in Resources */ = {isa = PBXBuildFile; fileRef = 187E09CB293F6688000AFD08 /* Assets.xcassets */; };
		187E09D7293F6B6F000AFD08 /* ARObjectListCell.swift in Sources */ = {isa = PBXBuildFile; fileRef = 187E09D6293F6B6F000AFD08 /* ARObjectListCell.swift */; };
		187E09E4293F6C60000AFD08 /* Main.storyboard in Resources */ = {isa = PBXBuildFile; fileRef = 187E09E0293F6C60000AFD08 /* Main.storyboard */; };
		187E09E5293F6C60000AFD08 /* LaunchScreen.storyboard in Resources */ = {isa = PBXBuildFile; fileRef = 187E09E2293F6C60000AFD08 /* LaunchScreen.storyboard */; };
/* End PBXBuildFile section */

/* Begin PBXFileReference section */
		187E09BF293F6686000AFD08 /* Augmented-Reality -Decorateor.app */ = {isa = PBXFileReference; explicitFileType = wrapper.application; includeInIndex = 0; path = "Augmented-Reality -Decorateor.app"; sourceTree = BUILT_PRODUCTS_DIR; };
		187E09C2293F6686000AFD08 /* AppDelegate.swift */ = {isa = PBXFileReference; lastKnownFileType = sourcecode.swift; path = AppDelegate.swift; sourceTree = "<group>"; };
		187E09C4293F6686000AFD08 /* ViewController.swift */ = {isa = PBXFileReference; lastKnownFileType = sourcecode.swift; path = ViewController.swift; sourceTree = "<group>"; };
		187E09CB293F6688000AFD08 /* Assets.xcassets */ = {isa = PBXFileReference; lastKnownFileType = folder.assetcatalog; name = Assets.xcassets; path = ../RE/Assets.xcassets; sourceTree = "<group>"; };
		187E09D6293F6B6F000AFD08 /* ARObjectListCell.swift */ = {isa = PBXFileReference; lastKnownFileType = sourcecode.swift; path = ARObjectListCell.swift; sourceTree = "<group>"; };
		187E09E1293F6C60000AFD08 /* Base */ = {isa = PBXFileReference; lastKnownFileType = file.storyboard; name = Base; path = Base.lproj/Main.storyboard; sourceTree = "<group>"; };
		187E09E3293F6C60000AFD08 /* Base */ = {isa = PBXFileReference; lastKnownFileType = file.storyboard; name = Base; path = Base.lproj/LaunchScreen.storyboard; sourceTree = "<group>"; };
/* End PBXFileReference section */

/* Begin PBXFrameworksBuildPhase section */
		187E09BC293F6686000AFD08 /* Frameworks */ = {
			isa = PBXFrameworksBuildPhase;
			buildActionMask = 2147483647;
			files = (
			);
			runOnlyForDeploymentPostprocessing = 0;
		};
/* End PBXFrameworksBuildPhase section */

/* Begin PBXGroup section */
		187E09B6293F6686000AFD08 = {
			isa = PBXGroup;
			children = (
				187E09C1293F6686000AFD08 /* Augmented-Reality -Decorateor */,
				187E09C0293F6686000AFD08 /* Products */,
			);
			sourceTree = "<group>";
		};
		187E09C0293F6686000AFD08 /* Products */ = {
			isa = PBXGroup;
			children = (
				187E09BF293F6686000AFD08 /* Augmented-Reality -Decorateor.app */,
			);
			name = Products;
			sourceTree = "<group>";
		};
		187E09C1293F6686000AFD08 /* Augmented-Reality -Decorateor */ = {
			isa = PBXGroup;
			children = (
				187E09E9293F6CC0000AFD08 /* Resource */,
				187E09E6293F6C80000AFD08 /* Controller */,
				187E09D8293F6C0D000AFD08 /* StoryBoard */,
				187E09D5293F6B1C000AFD08 /* CustomCell */,
			);
			path = "Augmented-Reality -Decorateor";
			sourceTree = "<group>";
		};
		187E09D5293F6B1C000AFD08 /* CustomCell */ = {
			isa = PBXGroup;
			children = (
				187E09D6293F6B6F000AFD08 /* ARObjectListCell.swift */,
			);
			path = CustomCell;
			sourceTree = "<group>";
		};
		187E09D8293F6C0D000AFD08 /* StoryBoard */ = {
			isa = PBXGroup;
			children = (
				187E09E2293F6C60000AFD08 /* LaunchScreen.storyboard */,
				187E09E0293F6C60000AFD08 /* Main.storyboard */,
			);
			path = StoryBoard;
			sourceTree = "<group>";
		};
		187E09E6293F6C80000AFD08 /* Controller */ = {
			isa = PBXGroup;
			children = (
				187E09E8293F6C99000AFD08 /* ViewController */,
				187E09E7293F6C90000AFD08 /* App */,
			);
			path = Controller;
			sourceTree = "<group>";
		};
		187E09E7293F6C90000AFD08 /* App */ = {
			isa = PBXGroup;
			children = (
				187E09C2293F6686000AFD08 /* AppDelegate.swift */,
			);
			path = App;
			sourceTree = "<group>";
		};
		187E09E8293F6C99000AFD08 /* ViewController */ = {
			isa = PBXGroup;
			children = (
				187E09C4293F6686000AFD08 /* ViewController.swift */,
			);
			path = ViewController;
			sourceTree = "<group>";
		};
		187E09E9293F6CC0000AFD08 /* Resource */ = {
			isa = PBXGroup;
			children = (
				187E09CB293F6688000AFD08 /* Assets.xcassets */,
			);
			path = Resource;
			sourceTree = "<group>";
		};
/* End PBXGroup section */

/* Begin PBXNativeTarget section */
		187E09BE293F6686000AFD08 /* Augmented-Reality -Decorateor */ = {
			isa = PBXNativeTarget;
			buildConfigurationList = 187E09D2293F6688000AFD08 /* Build configuration list for PBXNativeTarget "Augmented-Reality -Decorateor" */;
			buildPhases = (
				187E09BB293F6686000AFD08 /* Sources */,
				187E09BC293F6686000AFD08 /* Frameworks */,
				187E09BD293F6686000AFD08 /* Resources */,
			);
			buildRules = (
			);
			dependencies = (
			);
			name = "Augmented-Reality -Decorateor";
			productName = "Augmented-Reality -Decorateor";
			productReference = 187E09BF293F6686000AFD08 /* Augmented-Reality -Decorateor.app */;
			productType = "com.apple.product-type.application";
		};
/* End PBXNativeTarget section */

/* Begin PBXProject section */
		187E09B7293F6686000AFD08 /* Project object */ = {
			isa = PBXProject;
			attributes = {
				BuildIndependentTargetsInParallel = 1;
				LastSwiftUpdateCheck = 1410;
				LastUpgradeCheck = 1410;
				TargetAttributes = {
					187E09BE293F6686000AFD08 = {
						CreatedOnToolsVersion = 14.1;
					};
				};
			};
			buildConfigurationList = 187E09BA293F6686000AFD08 /* Build configuration list for PBXProject "Augmented-Reality -Decorateor" */;
			compatibilityVersion = "Xcode 14.0";
			developmentRegion = en;
			hasScannedForEncodings = 0;
			knownRegions = (
				en,
				Base,
			);
			mainGroup = 187E09B6293F6686000AFD08;
			productRefGroup = 187E09C0293F6686000AFD08 /* Products */;
			projectDirPath = "";
			projectRoot = "";
			targets = (
				187E09BE293F6686000AFD08 /* Augmented-Reality -Decorateor */,
			);
		};
/* End PBXProject section */

/* Begin PBXResourcesBuildPhase section */
		187E09BD293F6686000AFD08 /* Resources */ = {
			isa = PBXResourcesBuildPhase;
			buildActionMask = 2147483647;
			files = (
				187E09CC293F6688000AFD08 /* Assets.xcassets in Resources */,
				187E09E5293F6C60000AFD08 /* LaunchScreen.storyboard in Resources */,
				187E09E4293F6C60000AFD08 /* Main.storyboard in Resources */,
			);
			runOnlyForDeploymentPostprocessing = 0;
		};
/* End PBXResourcesBuildPhase section */

/* Begin PBXSourcesBuildPhase section */
		187E09BB293F6686000AFD08 /* Sources */ = {
			isa = PBXSourcesBuildPhase;
			buildActionMask = 2147483647;
			files = (
				187E09D7293F6B6F000AFD08 /* ARObjectListCell.swift in Sources */,
				187E09C5293F6686000AFD08 /* ViewController.swift in Sources */,
				187E09C3293F6686000AFD08 /* AppDelegate.swift in Sources */,
			);
			runOnlyForDeploymentPostprocessing = 0;
		};
/* End PBXSourcesBuildPhase section */

/* Begin PBXVariantGroup section */
		187E09E0293F6C60000AFD08 /* Main.storyboard */ = {
			isa = PBXVariantGroup;
			children = (
				187E09E1293F6C60000AFD08 /* Base */,
			);
			name = Main.storyboard;
			sourceTree = "<group>";
		};
		187E09E2293F6C60000AFD08 /* LaunchScreen.storyboard */ = {
			isa = PBXVariantGroup;
			children = (
				187E09E3293F6C60000AFD08 /* Base */,
			);
			name = LaunchScreen.storyboard;
			sourceTree = "<group>";
		};
/* End PBXVariantGroup section */

/* Begin XCBuildConfiguration section */
		187E09D0293F6688000AFD08 /* Debug */ = {
			isa = XCBuildConfiguration;
			buildSettings = {
				ALWAYS_SEARCH_USER_PATHS = NO;
				CLANG_ANALYZER_NONNULL = YES;
				CLANG_ANALYZER_NUMBER_OBJECT_CONVERSION = YES_AGGRESSIVE;
				CLANG_CXX_LANGUAGE_STANDARD = "gnu++20";
				CLANG_ENABLE_MODULES = YES;
				CLANG_ENABLE_OBJC_ARC = YES;
				CLANG_ENABLE_OBJC_WEAK = YES;
				CLANG_WARN_BLOCK_CAPTURE_AUTORELEASING = YES;
				CLANG_WARN_BOOL_CONVERSION = YES;
				CLANG_WARN_COMMA = YES;
				CLANG_WARN_CONSTANT_CONVERSION = YES;
				CLANG_WARN_DEPRECATED_OBJC_IMPLEMENTATIONS = YES;
				CLANG_WARN_DIRECT_OBJC_ISA_USAGE = YES_ERROR;
				CLANG_WARN_DOCUMENTATION_COMMENTS = YES;
				CLANG_WARN_EMPTY_BODY = YES;
				CLANG_WARN_ENUM_CONVERSION = YES;
				CLANG_WARN_INFINITE_RECURSION = YES;
				CLANG_WARN_INT_CONVERSION = YES;
				CLANG_WARN_NON_LITERAL_NULL_CONVERSION = YES;
				CLANG_WARN_OBJC_IMPLICIT_RETAIN_SELF = YES;
				CLANG_WARN_OBJC_LITERAL_CONVERSION = YES;
				CLANG_WARN_OBJC_ROOT_CLASS = YES_ERROR;
				CLANG_WARN_QUOTED_INCLUDE_IN_FRAMEWORK_HEADER = YES;
				CLANG_WARN_RANGE_LOOP_ANALYSIS = YES;
				CLANG_WARN_STRICT_PROTOTYPES = YES;
				CLANG_WARN_SUSPICIOUS_MOVE = YES;
				CLANG_WARN_UNGUARDED_AVAILABILITY = YES_AGGRESSIVE;
				CLANG_WARN_UNREACHABLE_CODE = YES;
				CLANG_WARN__DUPLICATE_METHOD_MATCH = YES;
				COPY_PHASE_STRIP = NO;
				DEBUG_INFORMATION_FORMAT = dwarf;
				ENABLE_STRICT_OBJC_MSGSEND = YES;
				ENABLE_TESTABILITY = YES;
				GCC_C_LANGUAGE_STANDARD = gnu11;
				GCC_DYNAMIC_NO_PIC = NO;
				GCC_NO_COMMON_BLOCKS = YES;
				GCC_OPTIMIZATION_LEVEL = 0;
				GCC_PREPROCESSOR_DEFINITIONS = (
					"DEBUG=1",
					"$(inherited)",
				);
				GCC_WARN_64_TO_32_BIT_CONVERSION = YES;
				GCC_WARN_ABOUT_RETURN_TYPE = YES_ERROR;
				GCC_WARN_UNDECLARED_SELECTOR = YES;
				GCC_WARN_UNINITIALIZED_AUTOS = YES_AGGRESSIVE;
				GCC_WARN_UNUSED_FUNCTION = YES;
				GCC_WARN_UNUSED_VARIABLE = YES;
				IPHONEOS_DEPLOYMENT_TARGET = 14.0;
				MTL_ENABLE_DEBUG_INFO = INCLUDE_SOURCE;
				MTL_FAST_MATH = YES;
				ONLY_ACTIVE_ARCH = YES;
				SDKROOT = iphoneos;
				SWIFT_ACTIVE_COMPILATION_CONDITIONS = DEBUG;
				SWIFT_OPTIMIZATION_LEVEL = "-Onone";
			};
			name = Debug;
		};
		187E09D1293F6688000AFD08 /* Release */ = {
			isa = XCBuildConfiguration;
			buildSettings = {
				ALWAYS_SEARCH_USER_PATHS = NO;
				CLANG_ANALYZER_NONNULL = YES;
				CLANG_ANALYZER_NUMBER_OBJECT_CONVERSION = YES_AGGRESSIVE;
				CLANG_CXX_LANGUAGE_STANDARD = "gnu++20";
				CLANG_ENABLE_MODULES = YES;
				CLANG_ENABLE_OBJC_ARC = YES;
				CLANG_ENABLE_OBJC_WEAK = YES;
				CLANG_WARN_BLOCK_CAPTURE_AUTORELEASING = YES;
				CLANG_WARN_BOOL_CONVERSION = YES;
				CLANG_WARN_COMMA = YES;
				CLANG_WARN_CONSTANT_CONVERSION = YES;
				CLANG_WARN_DEPRECATED_OBJC_IMPLEMENTATIONS = YES;
				CLANG_WARN_DIRECT_OBJC_ISA_USAGE = YES_ERROR;
				CLANG_WARN_DOCUMENTATION_COMMENTS = YES;
				CLANG_WARN_EMPTY_BODY = YES;
				CLANG_WARN_ENUM_CONVERSION = YES;
				CLANG_WARN_INFINITE_RECURSION = YES;
				CLANG_WARN_INT_CONVERSION = YES;
				CLANG_WARN_NON_LITERAL_NULL_CONVERSION = YES;
				CLANG_WARN_OBJC_IMPLICIT_RETAIN_SELF = YES;
				CLANG_WARN_OBJC_LITERAL_CONVERSION = YES;
				CLANG_WARN_OBJC_ROOT_CLASS = YES_ERROR;
				CLANG_WARN_QUOTED_INCLUDE_IN_FRAMEWORK_HEADER = YES;
				CLANG_WARN_RANGE_LOOP_ANALYSIS = YES;
				CLANG_WARN_STRICT_PROTOTYPES = YES;
				CLANG_WARN_SUSPICIOUS_MOVE = YES;
				CLANG_WARN_UNGUARDED_AVAILABILITY = YES_AGGRESSIVE;
				CLANG_WARN_UNREACHABLE_CODE = YES;
				CLANG_WARN__DUPLICATE_METHOD_MATCH = YES;
				COPY_PHASE_STRIP = NO;
				DEBUG_INFORMATION_FORMAT = "dwarf-with-dsym";
				ENABLE_NS_ASSERTIONS = NO;
				ENABLE_STRICT_OBJC_MSGSEND = YES;
				GCC_C_LANGUAGE_STANDARD = gnu11;
				GCC_NO_COMMON_BLOCKS = YES;
				GCC_WARN_64_TO_32_BIT_CONVERSION = YES;
				GCC_WARN_ABOUT_RETURN_TYPE = YES_ERROR;
				GCC_WARN_UNDECLARED_SELECTOR = YES;
				GCC_WARN_UNINITIALIZED_AUTOS = YES_AGGRESSIVE;
				GCC_WARN_UNUSED_FUNCTION = YES;
				GCC_WARN_UNUSED_VARIABLE = YES;
				IPHONEOS_DEPLOYMENT_TARGET = 14.0;
				MTL_ENABLE_DEBUG_INFO = NO;
				MTL_FAST_MATH = YES;
				SDKROOT = iphoneos;
				SWIFT_COMPILATION_MODE = wholemodule;
				SWIFT_OPTIMIZATION_LEVEL = "-O";
				VALIDATE_PRODUCT = YES;
			};
			name = Release;
		};
		187E09D3293F6688000AFD08 /* Debug */ = {
			isa = XCBuildConfiguration;
			buildSettings = {
				ASSETCATALOG_COMPILER_APPICON_NAME = AppIcon;
				ASSETCATALOG_COMPILER_GLOBAL_ACCENT_COLOR_NAME = AccentColor;
				CODE_SIGN_STYLE = Automatic;
				CURRENT_PROJECT_VERSION = 1;
				DEVELOPMENT_TEAM = 54AVC7Y844;
				GENERATE_INFOPLIST_FILE = YES;
				INFOPLIST_KEY_NSCameraUsageDescription = "";
				INFOPLIST_KEY_UIApplicationSupportsIndirectInputEvents = YES;
				INFOPLIST_KEY_UILaunchStoryboardName = LaunchScreen;
				INFOPLIST_KEY_UIMainStoryboardFile = Main;
				INFOPLIST_KEY_UIRequiredDeviceCapabilities = arkit;
				INFOPLIST_KEY_UIStatusBarHidden = YES;
				INFOPLIST_KEY_UISupportedInterfaceOrientations_iPad = "UIInterfaceOrientationPortrait UIInterfaceOrientationPortraitUpsideDown UIInterfaceOrientationLandscapeLeft UIInterfaceOrientationLandscapeRight";
				INFOPLIST_KEY_UISupportedInterfaceOrientations_iPhone = "UIInterfaceOrientationPortrait UIInterfaceOrientationLandscapeLeft UIInterfaceOrientationLandscapeRight";
				IPHONEOS_DEPLOYMENT_TARGET = 14.0;
				LD_RUNPATH_SEARCH_PATHS = (
					"$(inherited)",
					"@executable_path/Frameworks",
				);
				MARKETING_VERSION = 1.0;
				PRODUCT_BUNDLE_IDENTIFIER = Com.app.rivercomics;
				PRODUCT_NAME = "$(TARGET_NAME)";
				SWIFT_EMIT_LOC_STRINGS = YES;
				SWIFT_VERSION = 5.0;
				TARGETED_DEVICE_FAMILY = "1,2";
			};
			name = Debug;
		};
		187E09D4293F6688000AFD08 /* Release */ = {
			isa = XCBuildConfiguration;
			buildSettings = {
				ASSETCATALOG_COMPILER_APPICON_NAME = AppIcon;
				ASSETCATALOG_COMPILER_GLOBAL_ACCENT_COLOR_NAME = AccentColor;
				CODE_SIGN_STYLE = Automatic;
				CURRENT_PROJECT_VERSION = 1;
				DEVELOPMENT_TEAM = 54AVC7Y844;
				GENERATE_INFOPLIST_FILE = YES;
				INFOPLIST_KEY_NSCameraUsageDescription = "";
				INFOPLIST_KEY_UIApplicationSupportsIndirectInputEvents = YES;
				INFOPLIST_KEY_UILaunchStoryboardName = LaunchScreen;
				INFOPLIST_KEY_UIMainStoryboardFile = Main;
				INFOPLIST_KEY_UIRequiredDeviceCapabilities = arkit;
				INFOPLIST_KEY_UIStatusBarHidden = YES;
				INFOPLIST_KEY_UISupportedInterfaceOrientations_iPad = "UIInterfaceOrientationPortrait UIInterfaceOrientationPortraitUpsideDown UIInterfaceOrientationLandscapeLeft UIInterfaceOrientationLandscapeRight";
				INFOPLIST_KEY_UISupportedInterfaceOrientations_iPhone = "UIInterfaceOrientationPortrait UIInterfaceOrientationLandscapeLeft UIInterfaceOrientationLandscapeRight";
				IPHONEOS_DEPLOYMENT_TARGET = 14.0;
				LD_RUNPATH_SEARCH_PATHS = (
					"$(inherited)",
					"@executable_path/Frameworks",
				);
				MARKETING_VERSION = 1.0;
				PRODUCT_BUNDLE_IDENTIFIER = Com.app.rivercomics;
				PRODUCT_NAME = "$(TARGET_NAME)";
				SWIFT_EMIT_LOC_STRINGS = YES;
				SWIFT_VERSION = 5.0;
				TARGETED_DEVICE_FAMILY = "1,2";
			};
			name = Release;
		};
/* End XCBuildConfiguration section */

/* Begin XCConfigurationList section */
		187E09BA293F6686000AFD08 /* Build configuration list for PBXProject "Augmented-Reality -Decorateor" */ = {
			isa = XCConfigurationList;
			buildConfigurations = (
				187E09D0293F6688000AFD08 /* Debug */,
				187E09D1293F6688000AFD08 /* Release */,
			);
			defaultConfigurationIsVisible = 0;
			defaultConfigurationName = Release;
		};
		187E09D2293F6688000AFD08 /* Build configuration list for PBXNativeTarget "Augmented-Reality -Decorateor" */ = {
			isa = XCConfigurationList;
			buildConfigurations = (
				187E09D3293F6688000AFD08 /* Debug */,
				187E09D4293F6688000AFD08 /* Release */,
			);
			defaultConfigurationIsVisible = 0;
			defaultConfigurationName = Release;
		};
/* End XCConfigurationList section */
	};
	rootObject = 187E09B7293F6686000AFD08 /* Project object */;
}
